// !$*UTF8*$!
{
	archiveVersion = 1;
	classes = {
	};
	objectVersion = 46;
	objects = {

/* Begin PBXBuildFile section */
		65A255551C88C1EE002CD381 /* Foundation.framework in Frameworks */ = {isa = PBXBuildFile; fileRef = 65A255541C88C1EE002CD381 /* Foundation.framework */; };
		65A255571C88C1EE002CD381 /* CoreGraphics.framework in Frameworks */ = {isa = PBXBuildFile; fileRef = 65A255561C88C1EE002CD381 /* CoreGraphics.framework */; };
		65A255591C88C1EE002CD381 /* UIKit.framework in Frameworks */ = {isa = PBXBuildFile; fileRef = 65A255581C88C1EE002CD381 /* UIKit.framework */; };
		65A2555F1C88C1EE002CD381 /* InfoPlist.strings in Resources */ = {isa = PBXBuildFile; fileRef = 65A2555D1C88C1EE002CD381 /* InfoPlist.strings */; };
		65A255611C88C1EE002CD381 /* main.m in Sources */ = {isa = PBXBuildFile; fileRef = 65A255601C88C1EE002CD381 /* main.m */; };
		65A255651C88C1EE002CD381 /* FPAAppDelegate.m in Sources */ = {isa = PBXBuildFile; fileRef = 65A255641C88C1EE002CD381 /* FPAAppDelegate.m */; };
		65A255671C88C1EE002CD381 /* Images.xcassets in Resources */ = {isa = PBXBuildFile; fileRef = 65A255661C88C1EE002CD381 /* Images.xcassets */; };
		65A2556E1C88C1EE002CD381 /* XCTest.framework in Frameworks */ = {isa = PBXBuildFile; fileRef = 65A2556D1C88C1EE002CD381 /* XCTest.framework */; };
		65A2556F1C88C1EE002CD381 /* Foundation.framework in Frameworks */ = {isa = PBXBuildFile; fileRef = 65A255541C88C1EE002CD381 /* Foundation.framework */; };
		65A255701C88C1EE002CD381 /* UIKit.framework in Frameworks */ = {isa = PBXBuildFile; fileRef = 65A255581C88C1EE002CD381 /* UIKit.framework */; };
		65A255781C88C1EE002CD381 /* InfoPlist.strings in Resources */ = {isa = PBXBuildFile; fileRef = 65A255761C88C1EE002CD381 /* InfoPlist.strings */; };
		65A2557A1C88C1EE002CD381 /* Reasons_To_Be_TearfulTests.m in Sources */ = {isa = PBXBuildFile; fileRef = 65A255791C88C1EE002CD381 /* Reasons_To_Be_TearfulTests.m */; };
/* End PBXBuildFile section */

/* Begin PBXContainerItemProxy section */
		65A255711C88C1EE002CD381 /* PBXContainerItemProxy */ = {
			isa = PBXContainerItemProxy;
			containerPortal = 65A255491C88C1EE002CD381 /* Project object */;
			proxyType = 1;
			remoteGlobalIDString = 65A255501C88C1EE002CD381;
			remoteInfo = "Reasons To Be Tearful";
		};
/* End PBXContainerItemProxy section */

/* Begin PBXFileReference section */
		65A255511C88C1EE002CD381 /* Reasons To Be Tearful.app */ = {isa = PBXFileReference; explicitFileType = wrapper.application; includeInIndex = 0; path = "Reasons To Be Tearful.app"; sourceTree = BUILT_PRODUCTS_DIR; };
		65A255541C88C1EE002CD381 /* Foundation.framework */ = {isa = PBXFileReference; lastKnownFileType = wrapper.framework; name = Foundation.framework; path = System/Library/Frameworks/Foundation.framework; sourceTree = SDKROOT; };
		65A255561C88C1EE002CD381 /* CoreGraphics.framework */ = {isa = PBXFileReference; lastKnownFileType = wrapper.framework; name = CoreGraphics.framework; path = System/Library/Frameworks/CoreGraphics.framework; sourceTree = SDKROOT; };
		65A255581C88C1EE002CD381 /* UIKit.framework */ = {isa = PBXFileReference; lastKnownFileType = wrapper.framework; name = UIKit.framework; path = System/Library/Frameworks/UIKit.framework; sourceTree = SDKROOT; };
		65A2555C1C88C1EE002CD381 /* Reasons To Be Tearful-Info.plist */ = {isa = PBXFileReference; lastKnownFileType = text.plist.xml; path = "Reasons To Be Tearful-Info.plist"; sourceTree = "<group>"; };
		65A2555E1C88C1EE002CD381 /* en */ = {isa = PBXFileReference; lastKnownFileType = text.plist.strings; name = en; path = en.lproj/InfoPlist.strings; sourceTree = "<group>"; };
		65A255601C88C1EE002CD381 /* main.m */ = {isa = PBXFileReference; lastKnownFileType = sourcecode.c.objc; path = main.m; sourceTree = "<group>"; };
		65A255621C88C1EE002CD381 /* Reasons To Be Tearful-Prefix.pch */ = {isa = PBXFileReference; lastKnownFileType = sourcecode.c.h; path = "Reasons To Be Tearful-Prefix.pch"; sourceTree = "<group>"; };
		65A255631C88C1EE002CD381 /* FPAAppDelegate.h */ = {isa = PBXFileReference; lastKnownFileType = sourcecode.c.h; path = FPAAppDelegate.h; sourceTree = "<group>"; };
		65A255641C88C1EE002CD381 /* FPAAppDelegate.m */ = {isa = PBXFileReference; lastKnownFileType = sourcecode.c.objc; path = FPAAppDelegate.m; sourceTree = "<group>"; };
		65A255661C88C1EE002CD381 /* Images.xcassets */ = {isa = PBXFileReference; lastKnownFileType = folder.assetcatalog; path = Images.xcassets; sourceTree = "<group>"; };
		65A2556C1C88C1EE002CD381 /* Reasons To Be TearfulTests.xctest */ = {isa = PBXFileReference; explicitFileType = wrapper.cfbundle; includeInIndex = 0; path = "Reasons To Be TearfulTests.xctest"; sourceTree = BUILT_PRODUCTS_DIR; };
		65A2556D1C88C1EE002CD381 /* XCTest.framework */ = {isa = PBXFileReference; lastKnownFileType = wrapper.framework; name = XCTest.framework; path = Library/Frameworks/XCTest.framework; sourceTree = DEVELOPER_DIR; };
		65A255751C88C1EE002CD381 /* Reasons To Be TearfulTests-Info.plist */ = {isa = PBXFileReference; lastKnownFileType = text.plist.xml; path = "Reasons To Be TearfulTests-Info.plist"; sourceTree = "<group>"; };
		65A255771C88C1EE002CD381 /* en */ = {isa = PBXFileReference; lastKnownFileType = text.plist.strings; name = en; path = en.lproj/InfoPlist.strings; sourceTree = "<group>"; };
		65A255791C88C1EE002CD381 /* Reasons_To_Be_TearfulTests.m */ = {isa = PBXFileReference; lastKnownFileType = sourcecode.c.objc; path = Reasons_To_Be_TearfulTests.m; sourceTree = "<group>"; };
/* End PBXFileReference section */

/* Begin PBXFrameworksBuildPhase section */
		65A2554E1C88C1EE002CD381 /* Frameworks */ = {
			isa = PBXFrameworksBuildPhase;
			buildActionMask = 2147483647;
			files = (
				65A255571C88C1EE002CD381 /* CoreGraphics.framework in Frameworks */,
				65A255591C88C1EE002CD381 /* UIKit.framework in Frameworks */,
				65A255551C88C1EE002CD381 /* Foundation.framework in Frameworks */,
			);
			runOnlyForDeploymentPostprocessing = 0;
		};
		65A255691C88C1EE002CD381 /* Frameworks */ = {
			isa = PBXFrameworksBuildPhase;
			buildActionMask = 2147483647;
			files = (
				65A2556E1C88C1EE002CD381 /* XCTest.framework in Frameworks */,
				65A255701C88C1EE002CD381 /* UIKit.framework in Frameworks */,
				65A2556F1C88C1EE002CD381 /* Foundation.framework in Frameworks */,
			);
			runOnlyForDeploymentPostprocessing = 0;
		};
/* End PBXFrameworksBuildPhase section */

/* Begin PBXGroup section */
		65A255481C88C1EE002CD381 = {
			isa = PBXGroup;
			children = (
				65A2555A1C88C1EE002CD381 /* Reasons To Be Tearful */,
				65A255731C88C1EE002CD381 /* Reasons To Be TearfulTests */,
				65A255531C88C1EE002CD381 /* Frameworks */,
				65A255521C88C1EE002CD381 /* Products */,
			);
			sourceTree = "<group>";
		};
		65A255521C88C1EE002CD381 /* Products */ = {
			isa = PBXGroup;
			children = (
				65A255511C88C1EE002CD381 /* Reasons To Be Tearful.app */,
				65A2556C1C88C1EE002CD381 /* Reasons To Be TearfulTests.xctest */,
			);
			name = Products;
			sourceTree = "<group>";
		};
		65A255531C88C1EE002CD381 /* Frameworks */ = {
			isa = PBXGroup;
			children = (
				65A255541C88C1EE002CD381 /* Foundation.framework */,
				65A255561C88C1EE002CD381 /* CoreGraphics.framework */,
				65A255581C88C1EE002CD381 /* UIKit.framework */,
				65A2556D1C88C1EE002CD381 /* XCTest.framework */,
			);
			name = Frameworks;
			sourceTree = "<group>";
		};
		65A2555A1C88C1EE002CD381 /* Reasons To Be Tearful */ = {
			isa = PBXGroup;
			children = (
				65A255631C88C1EE002CD381 /* FPAAppDelegate.h */,
				65A255641C88C1EE002CD381 /* FPAAppDelegate.m */,
				65A255661C88C1EE002CD381 /* Images.xcassets */,
				65A2555B1C88C1EE002CD381 /* Supporting Files */,
			);
			path = "Reasons To Be Tearful";
			sourceTree = "<group>";
		};
		65A2555B1C88C1EE002CD381 /* Supporting Files */ = {
			isa = PBXGroup;
			children = (
				65A2555C1C88C1EE002CD381 /* Reasons To Be Tearful-Info.plist */,
				65A2555D1C88C1EE002CD381 /* InfoPlist.strings */,
				65A255601C88C1EE002CD381 /* main.m */,
				65A255621C88C1EE002CD381 /* Reasons To Be Tearful-Prefix.pch */,
			);
			name = "Supporting Files";
			sourceTree = "<group>";
		};
		65A255731C88C1EE002CD381 /* Reasons To Be TearfulTests */ = {
			isa = PBXGroup;
			children = (
				65A255791C88C1EE002CD381 /* Reasons_To_Be_TearfulTests.m */,
				65A255741C88C1EE002CD381 /* Supporting Files */,
			);
			path = "Reasons To Be TearfulTests";
			sourceTree = "<group>";
		};
		65A255741C88C1EE002CD381 /* Supporting Files */ = {
			isa = PBXGroup;
			children = (
				65A255751C88C1EE002CD381 /* Reasons To Be TearfulTests-Info.plist */,
				65A255761C88C1EE002CD381 /* InfoPlist.strings */,
			);
			name = "Supporting Files";
			sourceTree = "<group>";
		};
/* End PBXGroup section */

/* Begin PBXNativeTarget section */
		65A255501C88C1EE002CD381 /* Reasons To Be Tearful */ = {
			isa = PBXNativeTarget;
			buildConfigurationList = 65A2557D1C88C1EE002CD381 /* Build configuration list for PBXNativeTarget "Reasons To Be Tearful" */;
			buildPhases = (
				65A2554D1C88C1EE002CD381 /* Sources */,
				65A2554E1C88C1EE002CD381 /* Frameworks */,
				65A2554F1C88C1EE002CD381 /* Resources */,
			);
			buildRules = (
			);
			dependencies = (
			);
			name = "Reasons To Be Tearful";
			productName = "Reasons To Be Tearful";
			productReference = 65A255511C88C1EE002CD381 /* Reasons To Be Tearful.app */;
			productType = "com.apple.product-type.application";
		};
		65A2556B1C88C1EE002CD381 /* Reasons To Be TearfulTests */ = {
			isa = PBXNativeTarget;
			buildConfigurationList = 65A255801C88C1EE002CD381 /* Build configuration list for PBXNativeTarget "Reasons To Be TearfulTests" */;
			buildPhases = (
				65A255681C88C1EE002CD381 /* Sources */,
				65A255691C88C1EE002CD381 /* Frameworks */,
				65A2556A1C88C1EE002CD381 /* Resources */,
			);
			buildRules = (
			);
			dependencies = (
				65A255721C88C1EE002CD381 /* PBXTargetDependency */,
			);
			name = "Reasons To Be TearfulTests";
			productName = "Reasons To Be TearfulTests";
			productReference = 65A2556C1C88C1EE002CD381 /* Reasons To Be TearfulTests.xctest */;
			productType = "com.apple.product-type.bundle.unit-test";
		};
/* End PBXNativeTarget section */

/* Begin PBXProject section */
		65A255491C88C1EE002CD381 /* Project object */ = {
			isa = PBXProject;
			attributes = {
				CLASSPREFIX = FPA;
				LastUpgradeCheck = 0510;
				ORGANIZATIONNAME = "Daniel Harvey";
				TargetAttributes = {
					65A2556B1C88C1EE002CD381 = {
						TestTargetID = 65A255501C88C1EE002CD381;
					};
				};
			};
			buildConfigurationList = 65A2554C1C88C1EE002CD381 /* Build configuration list for PBXProject "Reasons To Be Tearful" */;
			compatibilityVersion = "Xcode 3.2";
			developmentRegion = English;
			hasScannedForEncodings = 0;
			knownRegions = (
				en,
			);
			mainGroup = 65A255481C88C1EE002CD381;
			productRefGroup = 65A255521C88C1EE002CD381 /* Products */;
			projectDirPath = "";
			projectRoot = "";
			targets = (
				65A255501C88C1EE002CD381 /* Reasons To Be Tearful */,
				65A2556B1C88C1EE002CD381 /* Reasons To Be TearfulTests */,
			);
		};
/* End PBXProject section */

/* Begin PBXResourcesBuildPhase section */
		65A2554F1C88C1EE002CD381 /* Resources */ = {
			isa = PBXResourcesBuildPhase;
			buildActionMask = 2147483647;
			files = (
				65A2555F1C88C1EE002CD381 /* InfoPlist.strings in Resources */,
				65A255671C88C1EE002CD381 /* Images.xcassets in Resources */,
			);
			runOnlyForDeploymentPostprocessing = 0;
		};
		65A2556A1C88C1EE002CD381 /* Resources */ = {
			isa = PBXResourcesBuildPhase;
			buildActionMask = 2147483647;
			files = (
				65A255781C88C1EE002CD381 /* InfoPlist.strings in Resources */,
			);
			runOnlyForDeploymentPostprocessing = 0;
		};
/* End PBXResourcesBuildPhase section */

/* Begin PBXSourcesBuildPhase section */
		65A2554D1C88C1EE002CD381 /* Sources */ = {
			isa = PBXSourcesBuildPhase;
			buildActionMask = 2147483647;
			files = (
				65A255651C88C1EE002CD381 /* FPAAppDelegate.m in Sources */,
				65A255611C88C1EE002CD381 /* main.m in Sources */,
			);
			runOnlyForDeploymentPostprocessing = 0;
		};
		65A255681C88C1EE002CD381 /* Sources */ = {
			isa = PBXSourcesBuildPhase;
			buildActionMask = 2147483647;
			files = (
				65A2557A1C88C1EE002CD381 /* Reasons_To_Be_TearfulTests.m in Sources */,
			);
			runOnlyForDeploymentPostprocessing = 0;
		};
/* End PBXSourcesBuildPhase section */

/* Begin PBXTargetDependency section */
		65A255721C88C1EE002CD381 /* PBXTargetDependency */ = {
			isa = PBXTargetDependency;
			target = 65A255501C88C1EE002CD381 /* Reasons To Be Tearful */;
			targetProxy = 65A255711C88C1EE002CD381 /* PBXContainerItemProxy */;
		};
/* End PBXTargetDependency section */

/* Begin PBXVariantGroup section */
		65A2555D1C88C1EE002CD381 /* InfoPlist.strings */ = {
			isa = PBXVariantGroup;
			children = (
				65A2555E1C88C1EE002CD381 /* en */,
			);
			name = InfoPlist.strings;
			sourceTree = "<group>";
		};
		65A255761C88C1EE002CD381 /* InfoPlist.strings */ = {
			isa = PBXVariantGroup;
			children = (
				65A255771C88C1EE002CD381 /* en */,
			);
			name = InfoPlist.strings;
			sourceTree = "<group>";
		};
/* End PBXVariantGroup section */

/* Begin XCBuildConfiguration section */
		65A2557B1C88C1EE002CD381 /* Debug */ = {
			isa = XCBuildConfiguration;
			buildSettings = {
				ALWAYS_SEARCH_USER_PATHS = NO;
				CLANG_CXX_LANGUAGE_STANDARD = "gnu++0x";
				CLANG_CXX_LIBRARY = "libc++";
				CLANG_ENABLE_MODULES = YES;
				CLANG_ENABLE_OBJC_ARC = YES;
				CLANG_WARN_BOOL_CONVERSION = YES;
				CLANG_WARN_CONSTANT_CONVERSION = YES;
				CLANG_WARN_DIRECT_OBJC_ISA_USAGE = YES_ERROR;
				CLANG_WARN_EMPTY_BODY = YES;
				CLANG_WARN_ENUM_CONVERSION = YES;
				CLANG_WARN_INT_CONVERSION = YES;
				CLANG_WARN_OBJC_ROOT_CLASS = YES_ERROR;
				CLANG_WARN__DUPLICATE_METHOD_MATCH = YES;
				"CODE_SIGN_IDENTITY[sdk=iphoneos*]" = "iPhone Developer";
				COPY_PHASE_STRIP = NO;
				GCC_C_LANGUAGE_STANDARD = gnu99;
				GCC_DYNAMIC_NO_PIC = NO;
				GCC_OPTIMIZATION_LEVEL = 0;
				GCC_PREPROCESSOR_DEFINITIONS = (
					"DEBUG=1",
					"$(inherited)",
				);
				GCC_SYMBOLS_PRIVATE_EXTERN = NO;
				GCC_WARN_64_TO_32_BIT_CONVERSION = YES;
				GCC_WARN_ABOUT_RETURN_TYPE = YES_ERROR;
				GCC_WARN_UNDECLARED_SELECTOR = YES;
				GCC_WARN_UNINITIALIZED_AUTOS = YES_AGGRESSIVE;
				GCC_WARN_UNUSED_FUNCTION = YES;
				GCC_WARN_UNUSED_VARIABLE = YES;
				IPHONEOS_DEPLOYMENT_TARGET = 7.1;
				ONLY_ACTIVE_ARCH = YES;
				SDKROOT = iphoneos;
				TARGETED_DEVICE_FAMILY = "1,2";
			};
			name = Debug;
		};
		65A2557C1C88C1EE002CD381 /* Release */ = {
			isa = XCBuildConfiguration;
			buildSettings = {
				ALWAYS_SEARCH_USER_PATHS = NO;
				CLANG_CXX_LANGUAGE_STANDARD = "gnu++0x";
				CLANG_CXX_LIBRARY = "libc++";
				CLANG_ENABLE_MODULES = YES;
				CLANG_ENABLE_OBJC_ARC = YES;
				CLANG_WARN_BOOL_CONVERSION = YES;
				CLANG_WARN_CONSTANT_CONVERSION = YES;
				CLANG_WARN_DIRECT_OBJC_ISA_USAGE = YES_ERROR;
				CLANG_WARN_EMPTY_BODY = YES;
				CLANG_WARN_ENUM_CONVERSION = YES;
				CLANG_WARN_INT_CONVERSION = YES;
				CLANG_WARN_OBJC_ROOT_CLASS = YES_ERROR;
				CLANG_WARN__DUPLICATE_METHOD_MATCH = YES;
				"CODE_SIGN_IDENTITY[sdk=iphoneos*]" = "iPhone Developer";
				COPY_PHASE_STRIP = YES;
				ENABLE_NS_ASSERTIONS = NO;
				GCC_C_LANGUAGE_STANDARD = gnu99;
				GCC_WARN_64_TO_32_BIT_CONVERSION = YES;
				GCC_WARN_ABOUT_RETURN_TYPE = YES_ERROR;
				GCC_WARN_UNDECLARED_SELECTOR = YES;
				GCC_WARN_UNINITIALIZED_AUTOS = YES_AGGRESSIVE;
				GCC_WARN_UNUSED_FUNCTION = YES;
				GCC_WARN_UNUSED_VARIABLE = YES;
				IPHONEOS_DEPLOYMENT_TARGET = 7.1;
				SDKROOT = iphoneos;
				TARGETED_DEVICE_FAMILY = "1,2";
				VALIDATE_PRODUCT = YES;
			};
			name = Release;
		};
		65A2557E1C88C1EE002CD381 /* Debug */ = {
			isa = XCBuildConfiguration;
			buildSettings = {
				ASSETCATALOG_COMPILER_APPICON_NAME = AppIcon;
				ASSETCATALOG_COMPILER_LAUNCHIMAGE_NAME = LaunchImage;
				GCC_PRECOMPILE_PREFIX_HEADER = YES;
				GCC_PREFIX_HEADER = "Reasons To Be Tearful/Reasons To Be Tearful-Prefix.pch";
				INFOPLIST_FILE = "Reasons To Be Tearful/Reasons To Be Tearful-Info.plist";
				PRODUCT_NAME = "$(TARGET_NAME)";
				WRAPPER_EXTENSION = app;
			};
			name = Debug;
		};
		65A2557F1C88C1EE002CD381 /* Release */ = {
			isa = XCBuildConfiguration;
			buildSettings = {
				ASSETCATALOG_COMPILER_APPICON_NAME = AppIcon;
				ASSETCATALOG_COMPILER_LAUNCHIMAGE_NAME = LaunchImage;
				GCC_PRECOMPILE_PREFIX_HEADER = YES;
				GCC_PREFIX_HEADER = "Reasons To Be Tearful/Reasons To Be Tearful-Prefix.pch";
				INFOPLIST_FILE = "Reasons To Be Tearful/Reasons To Be Tearful-Info.plist";
				PRODUCT_NAME = "$(TARGET_NAME)";
				WRAPPER_EXTENSION = app;
			};
			name = Release;
		};
		65A255811C88C1EE002CD381 /* Debug */ = {
			isa = XCBuildConfiguration;
			buildSettings = {
				BUNDLE_LOADER = "$(BUILT_PRODUCTS_DIR)/Reasons To Be Tearful.app/Reasons To Be Tearful";
				FRAMEWORK_SEARCH_PATHS = (
					"$(SDKROOT)/Developer/Library/Frameworks",
					"$(inherited)",
					"$(DEVELOPER_FRAMEWORKS_DIR)",
				);
				GCC_PRECOMPILE_PREFIX_HEADER = YES;
				GCC_PREFIX_HEADER = "Reasons To Be Tearful/Reasons To Be Tearful-Prefix.pch";
				GCC_PREPROCESSOR_DEFINITIONS = (
					"DEBUG=1",
					"$(inherited)",
				);
				INFOPLIST_FILE = "Reasons To Be TearfulTests/Reasons To Be TearfulTests-Info.plist";
				PRODUCT_NAME = "$(TARGET_NAME)";
				TEST_HOST = "$(BUNDLE_LOADER)";
				WRAPPER_EXTENSION = xctest;
			};
			name = Debug;
		};
		65A255821C88C1EE002CD381 /* Release */ = {
			isa = XCBuildConfiguration;
			buildSettings = {
				BUNDLE_LOADER = "$(BUILT_PRODUCTS_DIR)/Reasons To Be Tearful.app/Reasons To Be Tearful";
				FRAMEWORK_SEARCH_PATHS = (
					"$(SDKROOT)/Developer/Library/Frameworks",
					"$(inherited)",
					"$(DEVELOPER_FRAMEWORKS_DIR)",
				);
				GCC_PRECOMPILE_PREFIX_HEADER = YES;
				GCC_PREFIX_HEADER = "Reasons To Be Tearful/Reasons To Be Tearful-Prefix.pch";
				INFOPLIST_FILE = "Reasons To Be TearfulTests/Reasons To Be TearfulTests-Info.plist";
				PRODUCT_NAME = "$(TARGET_NAME)";
				TEST_HOST = "$(BUNDLE_LOADER)";
				WRAPPER_EXTENSION = xctest;
			};
			name = Release;
		};
/* End XCBuildConfiguration section */

/* Begin XCConfigurationList section */
		65A2554C1C88C1EE002CD381 /* Build configuration list for PBXProject "Reasons To Be Tearful" */ = {
			isa = XCConfigurationList;
			buildConfigurations = (
				65A2557B1C88C1EE002CD381 /* Debug */,
				65A2557C1C88C1EE002CD381 /* Release */,
			);
			defaultConfigurationIsVisible = 0;
			defaultConfigurationName = Release;
		};
		65A2557D1C88C1EE002CD381 /* Build configuration list for PBXNativeTarget "Reasons To Be Tearful" */ = {
			isa = XCConfigurationList;
			buildConfigurations = (
				65A2557E1C88C1EE002CD381 /* Debug */,
				65A2557F1C88C1EE002CD381 /* Release */,
			);
			defaultConfigurationIsVisible = 0;
		};
		65A255801C88C1EE002CD381 /* Build configuration list for PBXNativeTarget "Reasons To Be TearfulTests" */ = {
			isa = XCConfigurationList;
			buildConfigurations = (
				65A255811C88C1EE002CD381 /* Debug */,
				65A255821C88C1EE002CD381 /* Release */,
			);
			defaultConfigurationIsVisible = 0;
		};
/* End XCConfigurationList section */
	};
	rootObject = 65A255491C88C1EE002CD381 /* Project object */;
}
